{
  "name": "@tazeembhat/blog-common",
  "version": "1.0.0",
  "lockfileVersion": 3,
  "requires": true,
  "packages": {
    "": {
      "name": "@tazeembhat/blog-common",
      "version": "1.0.0",
      "license": "ISC",
      "dependencies": {
        "@tazeembhat/blog-common": "^1.0.0",
        "zod": "^3.22.4"
      }
    },
    "node_modules/@tazeembhat/blog-common": {
      "version": "1.0.0",
      "resolved": "https://registry.npmjs.org/@tazeembhat/blog-common/-/blog-common-1.0.0.tgz",
      "integrity": "sha512-rIM4UnBPLtoK8ac+3NMVLH4XQe18PU3/0DUxJ3XwGnTxfY0dZcYoGPbe5Vci+C/05pNhQb1VS6u5nCfdOrQ+vg==",
      "dependencies": {
        "zod": "^3.22.4"
      }
    },
    "node_modules/zod": {
      "version": "3.22.4",
      "resolved": "https://registry.npmjs.org/zod/-/zod-3.22.4.tgz",
      "integrity": "sha512-iC+8Io04lddc+mVqQ9AZ7OQ2MrUKGN+oIQyq1vemgt46jwCwLfhq7/pwnBnNXXXZb8VTVLKwp9EDkx+ryxIWmg==",
      "funding": {
        "url": "https://github.com/sponsors/colinhacks"
      }
    }
  }
}
